
Microsoft Visual Studio Solution File, Format Version 12.00
# Visual Studio Version 16
VisualStudioVersion = 16.0.30804.86
MinimumVisualStudioVersion = 10.0.40219.1
Project("{9A19103F-16F7-4668-BE54-9A1E7A4F7556}") = "TimelineLib", "TimelineLib\TimelineLib.csproj", "{B4131F57-ACBF-45A5-9625-1C2EAB84CD71}"
EndProject
Project("{9A19103F-16F7-4668-BE54-9A1E7A4F7556}") = "TimelineSampleApp", "TimelineSampleApp\TimelineSampleApp.csproj", "{3A80EA26-203A-45A8-8118-2E697EF5A817}"
EndProject
Project("{9A19103F-16F7-4668-BE54-9A1E7A4F7556}") = "TimelineLib.Tests", "TimelineLib.Tests\TimelineLib.Tests.csproj", "{8BD27A6F-B05D-4996-B9BF-31E5CDB219CA}"
EndProject
Global
	GlobalSection(SolutionConfigurationPlatforms) = preSolution
		Debug|Any CPU = Debug|Any CPU
		Release|Any CPU = Release|Any CPU
	EndGlobalSection
	GlobalSection(ProjectConfigurationPlatforms) = postSolution
		{B4131F57-ACBF-45A5-9625-1C2EAB84CD71}.Debug|Any CPU.ActiveCfg = Debug|Any CPU
		{B4131F57-ACBF-45A5-9625-1C2EAB84CD71}.Debug|Any CPU.Build.0 = Debug|Any CPU
		{B4131F57-ACBF-45A5-9625-1C2EAB84CD71}.Release|Any CPU.ActiveCfg = Release|Any CPU
		{B4131F57-ACBF-45A5-9625-1C2EAB84CD71}.Release|Any CPU.Build.0 = Release|Any CPU
		{3A80EA26-203A-45A8-8118-2E697EF5A817}.Debug|Any CPU.ActiveCfg = Debug|Any CPU
		{3A80EA26-203A-45A8-8118-2E697EF5A817}.Debug|Any CPU.Build.0 = Debug|Any CPU
		{3A80EA26-203A-45A8-8118-2E697EF5A817}.Release|Any CPU.ActiveCfg = Release|Any CPU
		{3A80EA26-203A-45A8-8118-2E697EF5A817}.Release|Any CPU.Build.0 = Release|Any CPU
		{8BD27A6F-B05D-4996-B9BF-31E5CDB219CA}.Debug|Any CPU.ActiveCfg = Debug|Any CPU
		{8BD27A6F-B05D-4996-B9BF-31E5CDB219CA}.Debug|Any CPU.Build.0 = Debug|Any CPU
		{8BD27A6F-B05D-4996-B9BF-31E5CDB219CA}.Release|Any CPU.ActiveCfg = Release|Any CPU
		{8BD27A6F-B05D-4996-B9BF-31E5CDB219CA}.Release|Any CPU.Build.0 = Release|Any CPU
	EndGlobalSection
	GlobalSection(SolutionProperties) = preSolution
		HideSolutionNode = FALSE
	EndGlobalSection
	GlobalSection(ExtensibilityGlobals) = postSolution
		SolutionGuid = {5A01EBCC-C31B-44F2-A6F9-89883438F430}
	EndGlobalSection
EndGlobal
